
Microsoft Visual Studio Solution File, Format Version 12.00
# Visual Studio Version 16
VisualStudioVersion = 16.0.30523.141
MinimumVisualStudioVersion = 10.0.40219.1
Project("{FAE04EC0-301F-11D3-BF4B-00C04F79EFBC}") = "meestoo", "meestoo\meestoo.csproj", "{928C2765-1490-4C06-905A-25A822F9CCF9}"
EndProject
Global
	GlobalSection(SolutionConfigurationPlatforms) = preSolution
		Debug|Any CPU = Debug|Any CPU
		Release|Any CPU = Release|Any CPU
	EndGlobalSection
	GlobalSection(ProjectConfigurationPlatforms) = postSolution
		{928C2765-1490-4C06-905A-25A822F9CCF9}.Debug|Any CPU.ActiveCfg = Debug|Any CPU
		{928C2765-1490-4C06-905A-25A822F9CCF9}.Debug|Any CPU.Build.0 = Debug|Any CPU
		{928C2765-1490-4C06-905A-25A822F9CCF9}.Release|Any CPU.ActiveCfg = Release|Any CPU
		{928C2765-1490-4C06-905A-25A822F9CCF9}.Release|Any CPU.Build.0 = Release|Any CPU
	EndGlobalSection
	GlobalSection(SolutionProperties) = preSolution
		HideSolutionNode = FALSE
	EndGlobalSection
	GlobalSection(ExtensibilityGlobals) = postSolution
		SolutionGuid = {867A93FF-CC38-4829-A935-B07FDE72B0D2}
	EndGlobalSection
EndGlobal
